
Microsoft Visual Studio Solution File, Format Version 12.00
# Visual Studio Version 17
VisualStudioVersion = 17.7.34024.191
MinimumVisualStudioVersion = 10.0.40219.1
Project("{FAE04EC0-301F-11D3-BF4B-00C04F79EFBC}") = "My_Database", "My_Database\My_Database.csproj", "{D27F2B66-9347-482C-B6A2-6AADCAC7881F}"
EndProject
Global
	GlobalSection(SolutionConfigurationPlatforms) = preSolution
		Debug|Any CPU = Debug|Any CPU
		Release|Any CPU = Release|Any CPU
	EndGlobalSection
	GlobalSection(ProjectConfigurationPlatforms) = postSolution
		{D27F2B66-9347-482C-B6A2-6AADCAC7881F}.Debug|Any CPU.ActiveCfg = Debug|Any CPU
		{D27F2B66-9347-482C-B6A2-6AADCAC7881F}.Debug|Any CPU.Build.0 = Debug|Any CPU
		{D27F2B66-9347-482C-B6A2-6AADCAC7881F}.Release|Any CPU.ActiveCfg = Release|Any CPU
		{D27F2B66-9347-482C-B6A2-6AADCAC7881F}.Release|Any CPU.Build.0 = Release|Any CPU
	EndGlobalSection
	GlobalSection(SolutionProperties) = preSolution
		HideSolutionNode = FALSE
	EndGlobalSection
	GlobalSection(ExtensibilityGlobals) = postSolution
		SolutionGuid = {6C5AFAA9-5403-47A6-BB21-361EF878909B}
	EndGlobalSection
EndGlobal
